
Microsoft Visual Studio Solution File, Format Version 12.00
# Visual Studio Version 16
VisualStudioVersion = 16.0.32510.428
MinimumVisualStudioVersion = 10.0.40219.1
Project("{8BC9CEB8-8B4A-11D0-8D11-00A0C91BC942}") = "TN 303 Assignment 02", "..\..\Documents\GitHub\CS303 Assignments\TN 303 Assignment 02\TN 303 Assignment 02.vcxproj", "{E1568A93-9513-4552-AFC3-670300DFDDB2}"
EndProject
Global
	GlobalSection(SolutionConfigurationPlatforms) = preSolution
		Debug|x64 = Debug|x64
		Debug|x86 = Debug|x86
		Release|x64 = Release|x64
		Release|x86 = Release|x86
	EndGlobalSection
	GlobalSection(ProjectConfigurationPlatforms) = postSolution
		{E1568A93-9513-4552-AFC3-670300DFDDB2}.Debug|x64.ActiveCfg = Debug|x64
		{E1568A93-9513-4552-AFC3-670300DFDDB2}.Debug|x64.Build.0 = Debug|x64
		{E1568A93-9513-4552-AFC3-670300DFDDB2}.Debug|x86.ActiveCfg = Debug|Win32
		{E1568A93-9513-4552-AFC3-670300DFDDB2}.Debug|x86.Build.0 = Debug|Win32
		{E1568A93-9513-4552-AFC3-670300DFDDB2}.Release|x64.ActiveCfg = Release|x64
		{E1568A93-9513-4552-AFC3-670300DFDDB2}.Release|x64.Build.0 = Release|x64
		{E1568A93-9513-4552-AFC3-670300DFDDB2}.Release|x86.ActiveCfg = Release|Win32
		{E1568A93-9513-4552-AFC3-670300DFDDB2}.Release|x86.Build.0 = Release|Win32
	EndGlobalSection
	GlobalSection(SolutionProperties) = preSolution
		HideSolutionNode = FALSE
	EndGlobalSection
	GlobalSection(ExtensibilityGlobals) = postSolution
		SolutionGuid = {1B4295AB-33A8-4376-AC59-2EE12EBEBF3B}
	EndGlobalSection
EndGlobal
